// !$*UTF8*$!
{
	archiveVersion = 1;
	classes = {
	};
	objectVersion = 77;
	objects = {

/* Begin PBXBuildFile section */
		9AA3E9902D7538840046ABE6 /* OpenAPIRuntime in Frameworks */ = {isa = PBXBuildFile; productRef = 9AA3E98F2D7538840046ABE6 /* OpenAPIRuntime */; };
		9AA3E9922D7538840046ABE6 /* OpenAPIURLSession in Frameworks */ = {isa = PBXBuildFile; productRef = 9AA3E9912D7538840046ABE6 /* OpenAPIURLSession */; };
		9AA3E9C42D75534D0046ABE6 /* README.md in Resources */ = {isa = PBXBuildFile; fileRef = 9AA3E9C32D75534D0046ABE6 /* README.md */; };
/* End PBXBuildFile section */

/* Begin PBXContainerItemProxy section */
		9AA3E93F2D7533BA0046ABE6 /* PBXContainerItemProxy */ = {
			isa = PBXContainerItemProxy;
			containerPortal = 9AA3E9262D7533B80046ABE6 /* Project object */;
			proxyType = 1;
			remoteGlobalIDString = 9AA3E92D2D7533B80046ABE6;
			remoteInfo = InsightHub;
		};
		9AA3E9492D7533BA0046ABE6 /* PBXContainerItemProxy */ = {
			isa = PBXContainerItemProxy;
			containerPortal = 9AA3E9262D7533B80046ABE6 /* Project object */;
			proxyType = 1;
			remoteGlobalIDString = 9AA3E92D2D7533B80046ABE6;
			remoteInfo = InsightHub;
		};
/* End PBXContainerItemProxy section */

/* Begin PBXFileReference section */
		9AA3E92E2D7533B80046ABE6 /* InsightHub.app */ = {isa = PBXFileReference; explicitFileType = wrapper.application; includeInIndex = 0; path = InsightHub.app; sourceTree = BUILT_PRODUCTS_DIR; };
		9AA3E93E2D7533BA0046ABE6 /* InsightHubTests.xctest */ = {isa = PBXFileReference; explicitFileType = wrapper.cfbundle; includeInIndex = 0; path = InsightHubTests.xctest; sourceTree = BUILT_PRODUCTS_DIR; };
		9AA3E9482D7533BA0046ABE6 /* InsightHubUITests.xctest */ = {isa = PBXFileReference; explicitFileType = wrapper.cfbundle; includeInIndex = 0; path = InsightHubUITests.xctest; sourceTree = BUILT_PRODUCTS_DIR; };
		9AA3E9C32D75534D0046ABE6 /* README.md */ = {isa = PBXFileReference; lastKnownFileType = net.daringfireball.markdown; path = README.md; sourceTree = "<group>"; };
/* End PBXFileReference section */

/* Begin PBXFileSystemSynchronizedBuildFileExceptionSet section */
		9AA3E9942D7538B50046ABE6 /* Exceptions for "InsightHub" folder in "InsightHub" target */ = {
			isa = PBXFileSystemSynchronizedBuildFileExceptionSet;
			membershipExceptions = (
				Info.plist,
				"openapi-generator-config.yaml",
			);
			target = 9AA3E92D2D7533B80046ABE6 /* InsightHub */;
		};
/* End PBXFileSystemSynchronizedBuildFileExceptionSet section */

/* Begin PBXFileSystemSynchronizedGroupBuildPhaseMembershipExceptionSet section */
		9AA3E9972D7538BA0046ABE6 /* Exceptions for "InsightHub" folder in "Compile Sources" phase from "InsightHub" target */ = {
			isa = PBXFileSystemSynchronizedGroupBuildPhaseMembershipExceptionSet;
			buildPhase = 9AA3E92A2D7533B80046ABE6 /* Sources */;
			membershipExceptions = (
				"openapi-generator-config.yaml",
			);
		};
/* End PBXFileSystemSynchronizedGroupBuildPhaseMembershipExceptionSet section */

/* Begin PBXFileSystemSynchronizedRootGroup section */
		9AA3E9302D7533B80046ABE6 /* InsightHub */ = {
			isa = PBXFileSystemSynchronizedRootGroup;
			exceptions = (
				9AA3E9942D7538B50046ABE6 /* Exceptions for "InsightHub" folder in "InsightHub" target */,
				9AA3E9972D7538BA0046ABE6 /* Exceptions for "InsightHub" folder in "Compile Sources" phase from "InsightHub" target */,
			);
			path = InsightHub;
			sourceTree = "<group>";
		};
		9AA3E9412D7533BA0046ABE6 /* InsightHubTests */ = {
			isa = PBXFileSystemSynchronizedRootGroup;
			path = InsightHubTests;
			sourceTree = "<group>";
		};
		9AA3E94B2D7533BA0046ABE6 /* InsightHubUITests */ = {
			isa = PBXFileSystemSynchronizedRootGroup;
			path = InsightHubUITests;
			sourceTree = "<group>";
		};
/* End PBXFileSystemSynchronizedRootGroup section */

/* Begin PBXFrameworksBuildPhase section */
		9AA3E92B2D7533B80046ABE6 /* Frameworks */ = {
			isa = PBXFrameworksBuildPhase;
			buildActionMask = 2147483647;
			files = (
				9AA3E9922D7538840046ABE6 /* OpenAPIURLSession in Frameworks */,
				9AA3E9902D7538840046ABE6 /* OpenAPIRuntime in Frameworks */,
			);
			runOnlyForDeploymentPostprocessing = 0;
		};
		9AA3E93B2D7533BA0046ABE6 /* Frameworks */ = {
			isa = PBXFrameworksBuildPhase;
			buildActionMask = 2147483647;
			files = (
			);
			runOnlyForDeploymentPostprocessing = 0;
		};
		9AA3E9452D7533BA0046ABE6 /* Frameworks */ = {
			isa = PBXFrameworksBuildPhase;
			buildActionMask = 2147483647;
			files = (
			);
			runOnlyForDeploymentPostprocessing = 0;
		};
/* End PBXFrameworksBuildPhase section */

/* Begin PBXGroup section */
		9AA3E9252D7533B80046ABE6 = {
			isa = PBXGroup;
			children = (
				9AA3E9C32D75534D0046ABE6 /* README.md */,
				9AA3E9302D7533B80046ABE6 /* InsightHub */,
				9AA3E9412D7533BA0046ABE6 /* InsightHubTests */,
				9AA3E94B2D7533BA0046ABE6 /* InsightHubUITests */,
				9AA3E98E2D7538840046ABE6 /* Frameworks */,
				9AA3E92F2D7533B80046ABE6 /* Products */,
			);
			sourceTree = "<group>";
		};
		9AA3E92F2D7533B80046ABE6 /* Products */ = {
			isa = PBXGroup;
			children = (
				9AA3E92E2D7533B80046ABE6 /* InsightHub.app */,
				9AA3E93E2D7533BA0046ABE6 /* InsightHubTests.xctest */,
				9AA3E9482D7533BA0046ABE6 /* InsightHubUITests.xctest */,
			);
			name = Products;
			sourceTree = "<group>";
		};
		9AA3E98E2D7538840046ABE6 /* Frameworks */ = {
			isa = PBXGroup;
			children = (
			);
			name = Frameworks;
			sourceTree = "<group>";
		};
/* End PBXGroup section */

/* Begin PBXNativeTarget section */
		9AA3E92D2D7533B80046ABE6 /* InsightHub */ = {
			isa = PBXNativeTarget;
			buildConfigurationList = 9AA3E9522D7533BA0046ABE6 /* Build configuration list for PBXNativeTarget "InsightHub" */;
			buildPhases = (
				9AA3E92A2D7533B80046ABE6 /* Sources */,
				9AA3E92B2D7533B80046ABE6 /* Frameworks */,
				9AA3E92C2D7533B80046ABE6 /* Resources */,
			);
			buildRules = (
			);
			dependencies = (
				9AA3E9702D7537090046ABE6 /* PBXTargetDependency */,
			);
			fileSystemSynchronizedGroups = (
				9AA3E9302D7533B80046ABE6 /* InsightHub */,
			);
			name = InsightHub;
			packageProductDependencies = (
				9AA3E98F2D7538840046ABE6 /* OpenAPIRuntime */,
				9AA3E9912D7538840046ABE6 /* OpenAPIURLSession */,
			);
			productName = InsightHub;
			productReference = 9AA3E92E2D7533B80046ABE6 /* InsightHub.app */;
			productType = "com.apple.product-type.application";
		};
		9AA3E93D2D7533BA0046ABE6 /* InsightHubTests */ = {
			isa = PBXNativeTarget;
			buildConfigurationList = 9AA3E9552D7533BA0046ABE6 /* Build configuration list for PBXNativeTarget "InsightHubTests" */;
			buildPhases = (
				9AA3E93A2D7533BA0046ABE6 /* Sources */,
				9AA3E93B2D7533BA0046ABE6 /* Frameworks */,
				9AA3E93C2D7533BA0046ABE6 /* Resources */,
			);
			buildRules = (
			);
			dependencies = (
				9AA3E9402D7533BA0046ABE6 /* PBXTargetDependency */,
			);
			fileSystemSynchronizedGroups = (
				9AA3E9412D7533BA0046ABE6 /* InsightHubTests */,
			);
			name = InsightHubTests;
			packageProductDependencies = (
			);
			productName = InsightHubTests;
			productReference = 9AA3E93E2D7533BA0046ABE6 /* InsightHubTests.xctest */;
			productType = "com.apple.product-type.bundle.unit-test";
		};
		9AA3E9472D7533BA0046ABE6 /* InsightHubUITests */ = {
			isa = PBXNativeTarget;
			buildConfigurationList = 9AA3E9582D7533BA0046ABE6 /* Build configuration list for PBXNativeTarget "InsightHubUITests" */;
			buildPhases = (
				9AA3E9442D7533BA0046ABE6 /* Sources */,
				9AA3E9452D7533BA0046ABE6 /* Frameworks */,
				9AA3E9462D7533BA0046ABE6 /* Resources */,
			);
			buildRules = (
			);
			dependencies = (
				9AA3E94A2D7533BA0046ABE6 /* PBXTargetDependency */,
			);
			fileSystemSynchronizedGroups = (
				9AA3E94B2D7533BA0046ABE6 /* InsightHubUITests */,
			);
			name = InsightHubUITests;
			packageProductDependencies = (
			);
			productName = InsightHubUITests;
			productReference = 9AA3E9482D7533BA0046ABE6 /* InsightHubUITests.xctest */;
			productType = "com.apple.product-type.bundle.ui-testing";
		};
/* End PBXNativeTarget section */

/* Begin PBXProject section */
		9AA3E9262D7533B80046ABE6 /* Project object */ = {
			isa = PBXProject;
			attributes = {
				BuildIndependentTargetsInParallel = 1;
				LastSwiftUpdateCheck = 1620;
				LastUpgradeCheck = 1620;
				TargetAttributes = {
					9AA3E92D2D7533B80046ABE6 = {
						CreatedOnToolsVersion = 16.2;
					};
					9AA3E93D2D7533BA0046ABE6 = {
						CreatedOnToolsVersion = 16.2;
						TestTargetID = 9AA3E92D2D7533B80046ABE6;
					};
					9AA3E9472D7533BA0046ABE6 = {
						CreatedOnToolsVersion = 16.2;
						TestTargetID = 9AA3E92D2D7533B80046ABE6;
					};
				};
			};
			buildConfigurationList = 9AA3E9292D7533B80046ABE6 /* Build configuration list for PBXProject "InsightHub" */;
			developmentRegion = en;
			hasScannedForEncodings = 0;
			knownRegions = (
				en,
				Base,
			);
			mainGroup = 9AA3E9252D7533B80046ABE6;
			minimizedProjectReferenceProxies = 1;
			packageReferences = (
				9AA3E96C2D7536A20046ABE6 /* XCRemoteSwiftPackageReference "swift-openapi-generator" */,
				9AA3E96D2D7536CD0046ABE6 /* XCRemoteSwiftPackageReference "swift-openapi-runtime" */,
				9AA3E96E2D7536D70046ABE6 /* XCRemoteSwiftPackageReference "swift-openapi-urlsession" */,
			);
			preferredProjectObjectVersion = 77;
			productRefGroup = 9AA3E92F2D7533B80046ABE6 /* Products */;
			projectDirPath = "";
			projectRoot = "";
			targets = (
				9AA3E92D2D7533B80046ABE6 /* InsightHub */,
				9AA3E93D2D7533BA0046ABE6 /* InsightHubTests */,
				9AA3E9472D7533BA0046ABE6 /* InsightHubUITests */,
			);
		};
/* End PBXProject section */

/* Begin PBXResourcesBuildPhase section */
		9AA3E92C2D7533B80046ABE6 /* Resources */ = {
			isa = PBXResourcesBuildPhase;
			buildActionMask = 2147483647;
			files = (
				9AA3E9C42D75534D0046ABE6 /* README.md in Resources */,
			);
			runOnlyForDeploymentPostprocessing = 0;
		};
		9AA3E93C2D7533BA0046ABE6 /* Resources */ = {
			isa = PBXResourcesBuildPhase;
			buildActionMask = 2147483647;
			files = (
			);
			runOnlyForDeploymentPostprocessing = 0;
		};
		9AA3E9462D7533BA0046ABE6 /* Resources */ = {
			isa = PBXResourcesBuildPhase;
			buildActionMask = 2147483647;
			files = (
			);
			runOnlyForDeploymentPostprocessing = 0;
		};
/* End PBXResourcesBuildPhase section */

/* Begin PBXSourcesBuildPhase section */
		9AA3E92A2D7533B80046ABE6 /* Sources */ = {
			isa = PBXSourcesBuildPhase;
			buildActionMask = 2147483647;
			files = (
			);
			runOnlyForDeploymentPostprocessing = 0;
		};
		9AA3E93A2D7533BA0046ABE6 /* Sources */ = {
			isa = PBXSourcesBuildPhase;
			buildActionMask = 2147483647;
			files = (
			);
			runOnlyForDeploymentPostprocessing = 0;
		};
		9AA3E9442D7533BA0046ABE6 /* Sources */ = {
			isa = PBXSourcesBuildPhase;
			buildActionMask = 2147483647;
			files = (
			);
			runOnlyForDeploymentPostprocessing = 0;
		};
/* End PBXSourcesBuildPhase section */

/* Begin PBXTargetDependency section */
		9AA3E9402D7533BA0046ABE6 /* PBXTargetDependency */ = {
			isa = PBXTargetDependency;
			target = 9AA3E92D2D7533B80046ABE6 /* InsightHub */;
			targetProxy = 9AA3E93F2D7533BA0046ABE6 /* PBXContainerItemProxy */;
		};
		9AA3E94A2D7533BA0046ABE6 /* PBXTargetDependency */ = {
			isa = PBXTargetDependency;
			target = 9AA3E92D2D7533B80046ABE6 /* InsightHub */;
			targetProxy = 9AA3E9492D7533BA0046ABE6 /* PBXContainerItemProxy */;
		};
		9AA3E9702D7537090046ABE6 /* PBXTargetDependency */ = {
			isa = PBXTargetDependency;
			productRef = 9AA3E96F2D7537090046ABE6 /* OpenAPIGenerator */;
		};
/* End PBXTargetDependency section */

/* Begin XCBuildConfiguration section */
		9AA3E9502D7533BA0046ABE6 /* Debug */ = {
			isa = XCBuildConfiguration;
			buildSettings = {
				ALWAYS_SEARCH_USER_PATHS = NO;
				ASSETCATALOG_COMPILER_GENERATE_SWIFT_ASSET_SYMBOL_EXTENSIONS = YES;
				CLANG_ANALYZER_NONNULL = YES;
				CLANG_ANALYZER_NUMBER_OBJECT_CONVERSION = YES_AGGRESSIVE;
				CLANG_CXX_LANGUAGE_STANDARD = "gnu++20";
				CLANG_ENABLE_MODULES = YES;
				CLANG_ENABLE_OBJC_ARC = YES;
				CLANG_ENABLE_OBJC_WEAK = YES;
				CLANG_WARN_BLOCK_CAPTURE_AUTORELEASING = YES;
				CLANG_WARN_BOOL_CONVERSION = YES;
				CLANG_WARN_COMMA = YES;
				CLANG_WARN_CONSTANT_CONVERSION = YES;
				CLANG_WARN_DEPRECATED_OBJC_IMPLEMENTATIONS = YES;
				CLANG_WARN_DIRECT_OBJC_ISA_USAGE = YES_ERROR;
				CLANG_WARN_DOCUMENTATION_COMMENTS = YES;
				CLANG_WARN_EMPTY_BODY = YES;
				CLANG_WARN_ENUM_CONVERSION = YES;
				CLANG_WARN_INFINITE_RECURSION = YES;
				CLANG_WARN_INT_CONVERSION = YES;
				CLANG_WARN_NON_LITERAL_NULL_CONVERSION = YES;
				CLANG_WARN_OBJC_IMPLICIT_RETAIN_SELF = YES;
				CLANG_WARN_OBJC_LITERAL_CONVERSION = YES;
				CLANG_WARN_OBJC_ROOT_CLASS = YES_ERROR;
				CLANG_WARN_QUOTED_INCLUDE_IN_FRAMEWORK_HEADER = YES;
				CLANG_WARN_RANGE_LOOP_ANALYSIS = YES;
				CLANG_WARN_STRICT_PROTOTYPES = YES;
				CLANG_WARN_SUSPICIOUS_MOVE = YES;
				CLANG_WARN_UNGUARDED_AVAILABILITY = YES_AGGRESSIVE;
				CLANG_WARN_UNREACHABLE_CODE = YES;
				CLANG_WARN__DUPLICATE_METHOD_MATCH = YES;
				COPY_PHASE_STRIP = NO;
				DEBUG_INFORMATION_FORMAT = dwarf;
				ENABLE_STRICT_OBJC_MSGSEND = YES;
				ENABLE_TESTABILITY = YES;
				ENABLE_USER_SCRIPT_SANDBOXING = YES;
				GCC_C_LANGUAGE_STANDARD = gnu17;
				GCC_DYNAMIC_NO_PIC = NO;
				GCC_NO_COMMON_BLOCKS = YES;
				GCC_OPTIMIZATION_LEVEL = 0;
				GCC_PREPROCESSOR_DEFINITIONS = (
					"DEBUG=1",
					"$(inherited)",
				);
				GCC_WARN_64_TO_32_BIT_CONVERSION = YES;
				GCC_WARN_ABOUT_RETURN_TYPE = YES_ERROR;
				GCC_WARN_UNDECLARED_SELECTOR = YES;
				GCC_WARN_UNINITIALIZED_AUTOS = YES_AGGRESSIVE;
				GCC_WARN_UNUSED_FUNCTION = YES;
				GCC_WARN_UNUSED_VARIABLE = YES;
				IPHONEOS_DEPLOYMENT_TARGET = 18.2;
				LOCALIZATION_PREFERS_STRING_CATALOGS = YES;
				MTL_ENABLE_DEBUG_INFO = INCLUDE_SOURCE;
				MTL_FAST_MATH = YES;
				ONLY_ACTIVE_ARCH = YES;
				SDKROOT = iphoneos;
				SWIFT_ACTIVE_COMPILATION_CONDITIONS = "DEBUG $(inherited)";
				SWIFT_OPTIMIZATION_LEVEL = "-Onone";
				SWIFT_VERSION = 6.0;
			};
			name = Debug;
		};
		9AA3E9512D7533BA0046ABE6 /* Release */ = {
			isa = XCBuildConfiguration;
			buildSettings = {
				ALWAYS_SEARCH_USER_PATHS = NO;
				ASSETCATALOG_COMPILER_GENERATE_SWIFT_ASSET_SYMBOL_EXTENSIONS = YES;
				CLANG_ANALYZER_NONNULL = YES;
				CLANG_ANALYZER_NUMBER_OBJECT_CONVERSION = YES_AGGRESSIVE;
				CLANG_CXX_LANGUAGE_STANDARD = "gnu++20";
				CLANG_ENABLE_MODULES = YES;
				CLANG_ENABLE_OBJC_ARC = YES;
				CLANG_ENABLE_OBJC_WEAK = YES;
				CLANG_WARN_BLOCK_CAPTURE_AUTORELEASING = YES;
				CLANG_WARN_BOOL_CONVERSION = YES;
				CLANG_WARN_COMMA = YES;
				CLANG_WARN_CONSTANT_CONVERSION = YES;
				CLANG_WARN_DEPRECATED_OBJC_IMPLEMENTATIONS = YES;
				CLANG_WARN_DIRECT_OBJC_ISA_USAGE = YES_ERROR;
				CLANG_WARN_DOCUMENTATION_COMMENTS = YES;
				CLANG_WARN_EMPTY_BODY = YES;
				CLANG_WARN_ENUM_CONVERSION = YES;
				CLANG_WARN_INFINITE_RECURSION = YES;
				CLANG_WARN_INT_CONVERSION = YES;
				CLANG_WARN_NON_LITERAL_NULL_CONVERSION = YES;
				CLANG_WARN_OBJC_IMPLICIT_RETAIN_SELF = YES;
				CLANG_WARN_OBJC_LITERAL_CONVERSION = YES;
				CLANG_WARN_OBJC_ROOT_CLASS = YES_ERROR;
				CLANG_WARN_QUOTED_INCLUDE_IN_FRAMEWORK_HEADER = YES;
				CLANG_WARN_RANGE_LOOP_ANALYSIS = YES;
				CLANG_WARN_STRICT_PROTOTYPES = YES;
				CLANG_WARN_SUSPICIOUS_MOVE = YES;
				CLANG_WARN_UNGUARDED_AVAILABILITY = YES_AGGRESSIVE;
				CLANG_WARN_UNREACHABLE_CODE = YES;
				CLANG_WARN__DUPLICATE_METHOD_MATCH = YES;
				COPY_PHASE_STRIP = NO;
				DEBUG_INFORMATION_FORMAT = "dwarf-with-dsym";
				ENABLE_NS_ASSERTIONS = NO;
				ENABLE_STRICT_OBJC_MSGSEND = YES;
				ENABLE_USER_SCRIPT_SANDBOXING = YES;
				GCC_C_LANGUAGE_STANDARD = gnu17;
				GCC_NO_COMMON_BLOCKS = YES;
				GCC_WARN_64_TO_32_BIT_CONVERSION = YES;
				GCC_WARN_ABOUT_RETURN_TYPE = YES_ERROR;
				GCC_WARN_UNDECLARED_SELECTOR = YES;
				GCC_WARN_UNINITIALIZED_AUTOS = YES_AGGRESSIVE;
				GCC_WARN_UNUSED_FUNCTION = YES;
				GCC_WARN_UNUSED_VARIABLE = YES;
				IPHONEOS_DEPLOYMENT_TARGET = 18.2;
				LOCALIZATION_PREFERS_STRING_CATALOGS = YES;
				MTL_ENABLE_DEBUG_INFO = NO;
				MTL_FAST_MATH = YES;
				SDKROOT = iphoneos;
				SWIFT_COMPILATION_MODE = wholemodule;
				SWIFT_VERSION = 6.0;
				VALIDATE_PRODUCT = YES;
			};
			name = Release;
		};
		9AA3E9532D7533BA0046ABE6 /* Debug */ = {
			isa = XCBuildConfiguration;
			buildSettings = {
				ASSETCATALOG_COMPILER_APPICON_NAME = AppIcon;
				ASSETCATALOG_COMPILER_GLOBAL_ACCENT_COLOR_NAME = AccentColor;
				CODE_SIGN_STYLE = Automatic;
				CURRENT_PROJECT_VERSION = 1;
				DEVELOPMENT_ASSET_PATHS = "\"InsightHub/Preview Content\"";
				DEVELOPMENT_TEAM = "";
				ENABLE_PREVIEWS = YES;
				GENERATE_INFOPLIST_FILE = YES;
				INFOPLIST_FILE = InsightHub/Info.plist;
				INFOPLIST_KEY_UIApplicationSceneManifest_Generation = YES;
				INFOPLIST_KEY_UIApplicationSupportsIndirectInputEvents = YES;
				INFOPLIST_KEY_UILaunchScreen_Generation = YES;
				INFOPLIST_KEY_UISupportedInterfaceOrientations = UIInterfaceOrientationPortrait;
				INFOPLIST_KEY_UISupportedInterfaceOrientations_iPad = "UIInterfaceOrientationPortrait UIInterfaceOrientationPortraitUpsideDown";
				IPHONEOS_DEPLOYMENT_TARGET = 17.0;
				LD_RUNPATH_SEARCH_PATHS = (
					"$(inherited)",
					"@executable_path/Frameworks",
				);
				MARKETING_VERSION = 1.0;
				PRODUCT_BUNDLE_IDENTIFIER = com.huku.InsightHub;
				PRODUCT_NAME = "$(TARGET_NAME)";
				SWIFT_EMIT_LOC_STRINGS = YES;
				SWIFT_VERSION = 6.0;
				TARGETED_DEVICE_FAMILY = "1,2";
			};
			name = Debug;
		};
		9AA3E9542D7533BA0046ABE6 /* Release */ = {
			isa = XCBuildConfiguration;
			buildSettings = {
				ASSETCATALOG_COMPILER_APPICON_NAME = AppIcon;
				ASSETCATALOG_COMPILER_GLOBAL_ACCENT_COLOR_NAME = AccentColor;
				CODE_SIGN_STYLE = Automatic;
				CURRENT_PROJECT_VERSION = 1;
				DEVELOPMENT_ASSET_PATHS = "\"InsightHub/Preview Content\"";
				DEVELOPMENT_TEAM = "";
				ENABLE_PREVIEWS = YES;
				GENERATE_INFOPLIST_FILE = YES;
				INFOPLIST_FILE = InsightHub/Info.plist;
				INFOPLIST_KEY_UIApplicationSceneManifest_Generation = YES;
				INFOPLIST_KEY_UIApplicationSupportsIndirectInputEvents = YES;
				INFOPLIST_KEY_UILaunchScreen_Generation = YES;
				INFOPLIST_KEY_UISupportedInterfaceOrientations = UIInterfaceOrientationPortrait;
				INFOPLIST_KEY_UISupportedInterfaceOrientations_iPad = "UIInterfaceOrientationPortrait UIInterfaceOrientationPortraitUpsideDown";
				IPHONEOS_DEPLOYMENT_TARGET = 17.0;
				LD_RUNPATH_SEARCH_PATHS = (
					"$(inherited)",
					"@executable_path/Frameworks",
				);
				MARKETING_VERSION = 1.0;
				PRODUCT_BUNDLE_IDENTIFIER = com.huku.InsightHub;
				PRODUCT_NAME = "$(TARGET_NAME)";
				SWIFT_EMIT_LOC_STRINGS = YES;
				SWIFT_VERSION = 6.0;
				TARGETED_DEVICE_FAMILY = "1,2";
			};
			name = Release;
		};
		9AA3E9562D7533BA0046ABE6 /* Debug */ = {
			isa = XCBuildConfiguration;
			buildSettings = {
				BUNDLE_LOADER = "$(TEST_HOST)";
				CODE_SIGN_STYLE = Automatic;
				CURRENT_PROJECT_VERSION = 1;
				GENERATE_INFOPLIST_FILE = YES;
				IPHONEOS_DEPLOYMENT_TARGET = 18.2;
				MARKETING_VERSION = 1.0;
				PRODUCT_BUNDLE_IDENTIFIER = com.huku.InsightHubTests;
				PRODUCT_NAME = "$(TARGET_NAME)";
				SWIFT_EMIT_LOC_STRINGS = NO;
				SWIFT_VERSION = 5.0;
				TARGETED_DEVICE_FAMILY = "1,2";
				TEST_HOST = "$(BUILT_PRODUCTS_DIR)/InsightHub.app/$(BUNDLE_EXECUTABLE_FOLDER_PATH)/InsightHub";
			};
			name = Debug;
		};
		9AA3E9572D7533BA0046ABE6 /* Release */ = {
			isa = XCBuildConfiguration;
			buildSettings = {
				BUNDLE_LOADER = "$(TEST_HOST)";
				CODE_SIGN_STYLE = Automatic;
				CURRENT_PROJECT_VERSION = 1;
				GENERATE_INFOPLIST_FILE = YES;
				IPHONEOS_DEPLOYMENT_TARGET = 18.2;
				MARKETING_VERSION = 1.0;
				PRODUCT_BUNDLE_IDENTIFIER = com.huku.InsightHubTests;
				PRODUCT_NAME = "$(TARGET_NAME)";
				SWIFT_EMIT_LOC_STRINGS = NO;
				SWIFT_VERSION = 5.0;
				TARGETED_DEVICE_FAMILY = "1,2";
				TEST_HOST = "$(BUILT_PRODUCTS_DIR)/InsightHub.app/$(BUNDLE_EXECUTABLE_FOLDER_PATH)/InsightHub";
			};
			name = Release;
		};
		9AA3E9592D7533BA0046ABE6 /* Debug */ = {
			isa = XCBuildConfiguration;
			buildSettings = {
				CODE_SIGN_STYLE = Automatic;
				CURRENT_PROJECT_VERSION = 1;
				GENERATE_INFOPLIST_FILE = YES;
				MARKETING_VERSION = 1.0;
				PRODUCT_BUNDLE_IDENTIFIER = com.huku.InsightHubUITests;
				PRODUCT_NAME = "$(TARGET_NAME)";
				SWIFT_EMIT_LOC_STRINGS = NO;
				SWIFT_VERSION = 5.0;
				TARGETED_DEVICE_FAMILY = "1,2";
				TEST_TARGET_NAME = InsightHub;
			};
			name = Debug;
		};
		9AA3E95A2D7533BA0046ABE6 /* Release */ = {
			isa = XCBuildConfiguration;
			buildSettings = {
				CODE_SIGN_STYLE = Automatic;
				CURRENT_PROJECT_VERSION = 1;
				GENERATE_INFOPLIST_FILE = YES;
				MARKETING_VERSION = 1.0;
				PRODUCT_BUNDLE_IDENTIFIER = com.huku.InsightHubUITests;
				PRODUCT_NAME = "$(TARGET_NAME)";
				SWIFT_EMIT_LOC_STRINGS = NO;
				SWIFT_VERSION = 5.0;
				TARGETED_DEVICE_FAMILY = "1,2";
				TEST_TARGET_NAME = InsightHub;
			};
			name = Release;
		};
/* End XCBuildConfiguration section */

/* Begin XCConfigurationList section */
		9AA3E9292D7533B80046ABE6 /* Build configuration list for PBXProject "InsightHub" */ = {
			isa = XCConfigurationList;
			buildConfigurations = (
				9AA3E9502D7533BA0046ABE6 /* Debug */,
				9AA3E9512D7533BA0046ABE6 /* Release */,
			);
			defaultConfigurationIsVisible = 0;
			defaultConfigurationName = Release;
		};
		9AA3E9522D7533BA0046ABE6 /* Build configuration list for PBXNativeTarget "InsightHub" */ = {
			isa = XCConfigurationList;
			buildConfigurations = (
				9AA3E9532D7533BA0046ABE6 /* Debug */,
				9AA3E9542D7533BA0046ABE6 /* Release */,
			);
			defaultConfigurationIsVisible = 0;
			defaultConfigurationName = Release;
		};
		9AA3E9552D7533BA0046ABE6 /* Build configuration list for PBXNativeTarget "InsightHubTests" */ = {
			isa = XCConfigurationList;
			buildConfigurations = (
				9AA3E9562D7533BA0046ABE6 /* Debug */,
				9AA3E9572D7533BA0046ABE6 /* Release */,
			);
			defaultConfigurationIsVisible = 0;
			defaultConfigurationName = Release;
		};
		9AA3E9582D7533BA0046ABE6 /* Build configuration list for PBXNativeTarget "InsightHubUITests" */ = {
			isa = XCConfigurationList;
			buildConfigurations = (
				9AA3E9592D7533BA0046ABE6 /* Debug */,
				9AA3E95A2D7533BA0046ABE6 /* Release */,
			);
			defaultConfigurationIsVisible = 0;
			defaultConfigurationName = Release;
		};
/* End XCConfigurationList section */

/* Begin XCRemoteSwiftPackageReference section */
		9AA3E96C2D7536A20046ABE6 /* XCRemoteSwiftPackageReference "swift-openapi-generator" */ = {
			isa = XCRemoteSwiftPackageReference;
			repositoryURL = "https://github.com/apple/swift-openapi-generator";
			requirement = {
				kind = upToNextMajorVersion;
				minimumVersion = 1.7.0;
			};
		};
		9AA3E96D2D7536CD0046ABE6 /* XCRemoteSwiftPackageReference "swift-openapi-runtime" */ = {
			isa = XCRemoteSwiftPackageReference;
			repositoryURL = "https://github.com/apple/swift-openapi-runtime";
			requirement = {
				kind = upToNextMajorVersion;
				minimumVersion = 1.8.0;
			};
		};
		9AA3E96E2D7536D70046ABE6 /* XCRemoteSwiftPackageReference "swift-openapi-urlsession" */ = {
			isa = XCRemoteSwiftPackageReference;
			repositoryURL = "https://github.com/apple/swift-openapi-urlsession";
			requirement = {
				kind = upToNextMajorVersion;
				minimumVersion = 1.0.2;
			};
		};
/* End XCRemoteSwiftPackageReference section */

/* Begin XCSwiftPackageProductDependency section */
		9AA3E96F2D7537090046ABE6 /* OpenAPIGenerator */ = {
			isa = XCSwiftPackageProductDependency;
			package = 9AA3E96C2D7536A20046ABE6 /* XCRemoteSwiftPackageReference "swift-openapi-generator" */;
			productName = "plugin:OpenAPIGenerator";
		};
		9AA3E98F2D7538840046ABE6 /* OpenAPIRuntime */ = {
			isa = XCSwiftPackageProductDependency;
			package = 9AA3E96D2D7536CD0046ABE6 /* XCRemoteSwiftPackageReference "swift-openapi-runtime" */;
			productName = OpenAPIRuntime;
		};
		9AA3E9912D7538840046ABE6 /* OpenAPIURLSession */ = {
			isa = XCSwiftPackageProductDependency;
			package = 9AA3E96E2D7536D70046ABE6 /* XCRemoteSwiftPackageReference "swift-openapi-urlsession" */;
			productName = OpenAPIURLSession;
		};
/* End XCSwiftPackageProductDependency section */
	};
	rootObject = 9AA3E9262D7533B80046ABE6 /* Project object */;
}
